
Microsoft Visual Studio Solution File, Format Version 12.00
# Visual Studio Version 17
VisualStudioVersion = 17.7.34031.279
MinimumVisualStudioVersion = 10.0.40219.1
Project("{F184B08F-C81C-45F6-A57F-5ABD9991F28F}") = "Proyecto_ProgressBar_Y_StarStrip", "Proyecto_ProgressBar_Y_StarStrip\Proyecto_ProgressBar_Y_StarStrip.vbproj", "{DECEBC17-75D3-47D6-B31B-542AFD76E36E}"
EndProject
Global
	GlobalSection(SolutionConfigurationPlatforms) = preSolution
		Debug|Any CPU = Debug|Any CPU
		Release|Any CPU = Release|Any CPU
	EndGlobalSection
	GlobalSection(ProjectConfigurationPlatforms) = postSolution
		{DECEBC17-75D3-47D6-B31B-542AFD76E36E}.Debug|Any CPU.ActiveCfg = Debug|Any CPU
		{DECEBC17-75D3-47D6-B31B-542AFD76E36E}.Debug|Any CPU.Build.0 = Debug|Any CPU
		{DECEBC17-75D3-47D6-B31B-542AFD76E36E}.Release|Any CPU.ActiveCfg = Release|Any CPU
		{DECEBC17-75D3-47D6-B31B-542AFD76E36E}.Release|Any CPU.Build.0 = Release|Any CPU
	EndGlobalSection
	GlobalSection(SolutionProperties) = preSolution
		HideSolutionNode = FALSE
	EndGlobalSection
	GlobalSection(ExtensibilityGlobals) = postSolution
		SolutionGuid = {24AE6A25-E312-463A-94DF-58AED5C10F28}
	EndGlobalSection
EndGlobal
